github.com/fortytw2/lounge v0.0.0-20210929174603-b7ce694cb600 h1:KyvTnqj+pFkGOJgurGRbnoIo9cMtLFS5BsFPQXqt0ZM=
github.com/fortytw2/lounge v0.0.0-20210929174603-b7ce694cb600/go.mod h1:UF4a8fQkS6tEHH83nmLd9BXrFRmZmPQAAmogV1irsGU=
golang.org/x/sys v0.0.0-20211216021012-1d35b9e2eb4e h1:fLOSk5Q00efkSvAm+4xcoXD+RRmLmmulPn5I3Y9F2EM=
golang.org/x/sys v0.0.0-20211216021012-1d35b9e2eb4e/go.mod h1:oPkhp1MJrh7nUepCBck5+mAzfO9JrbApNNgaTdGDITg=
